
Microsoft Visual Studio Solution File, Format Version 12.00
# Visual Studio Version 17
VisualStudioVersion = 17.14.36327.8 d17.14
MinimumVisualStudioVersion = 10.0.40219.1
Project("{FAE04EC0-301F-11D3-BF4B-00C04F79EFBC}") = "Spider", "Spider\Spider.csproj", "{C479F929-82F2-421C-95EE-39ED761DC8F9}"
EndProject
Global
	GlobalSection(SolutionConfigurationPlatforms) = preSolution
		Debug|Any CPU = Debug|Any CPU
		Release|Any CPU = Release|Any CPU
	EndGlobalSection
	GlobalSection(ProjectConfigurationPlatforms) = postSolution
		{C479F929-82F2-421C-95EE-39ED761DC8F9}.Debug|Any CPU.ActiveCfg = Debug|Any CPU
		{C479F929-82F2-421C-95EE-39ED761DC8F9}.Debug|Any CPU.Build.0 = Debug|Any CPU
		{C479F929-82F2-421C-95EE-39ED761DC8F9}.Release|Any CPU.ActiveCfg = Release|Any CPU
		{C479F929-82F2-421C-95EE-39ED761DC8F9}.Release|Any CPU.Build.0 = Release|Any CPU
	EndGlobalSection
	GlobalSection(SolutionProperties) = preSolution
		HideSolutionNode = FALSE
	EndGlobalSection
	GlobalSection(ExtensibilityGlobals) = postSolution
		SolutionGuid = {C6C58CCA-029C-4DE7-8523-09CE505C4042}
	EndGlobalSection
EndGlobal
