
Microsoft Visual Studio Solution File, Format Version 12.00
# Visual Studio Version 17
VisualStudioVersion = 17.14.36327.8 d17.14
MinimumVisualStudioVersion = 10.0.40219.1
Project("{FAE04EC0-301F-11D3-BF4B-00C04F79EFBC}") = "iptvtool", "iptvtool\iptvtool.csproj", "{835CD844-5B54-452A-9801-BD52A08A5D9D}"
EndProject
Global
	GlobalSection(SolutionConfigurationPlatforms) = preSolution
		Debug|Any CPU = Debug|Any CPU
		Release|Any CPU = Release|Any CPU
	EndGlobalSection
	GlobalSection(ProjectConfigurationPlatforms) = postSolution
		{835CD844-5B54-452A-9801-BD52A08A5D9D}.Debug|Any CPU.ActiveCfg = Debug|Any CPU
		{835CD844-5B54-452A-9801-BD52A08A5D9D}.Debug|Any CPU.Build.0 = Debug|Any CPU
		{835CD844-5B54-452A-9801-BD52A08A5D9D}.Release|Any CPU.ActiveCfg = Release|Any CPU
		{835CD844-5B54-452A-9801-BD52A08A5D9D}.Release|Any CPU.Build.0 = Release|Any CPU
	EndGlobalSection
	GlobalSection(SolutionProperties) = preSolution
		HideSolutionNode = FALSE
	EndGlobalSection
	GlobalSection(ExtensibilityGlobals) = postSolution
		SolutionGuid = {C22B9344-4043-4CF6-A317-AFECD5593AD4}
	EndGlobalSection
EndGlobal
